
Microsoft Visual Studio Solution File, Format Version 12.00
# Visual Studio Version 17
VisualStudioVersion = 17.1.32421.90
MinimumVisualStudioVersion = 10.0.40219.1
Project("{9A19103F-16F7-4668-BE54-9A1E7A4F7556}") = "NavMeshViewer", "NavMeshViewer.csproj", "{F09F0793-1205-4BF9-81EC-F70C31600402}"
	ProjectSection(ProjectDependencies) = postProject
		{CBF7A583-2619-4400-B303-B29001C03A87} = {CBF7A583-2619-4400-B303-B29001C03A87}
	EndProjectSection
EndProject
Project("{9A19103F-16F7-4668-BE54-9A1E7A4F7556}") = "Nav.PoE", "..\..\Nav.PoE\Nav.PoE.csproj", "{02763B37-01FB-4818-9F2B-5C6ACC1FB47B}"
EndProject
Project("{9A19103F-16F7-4668-BE54-9A1E7A4F7556}") = "Nav", "..\Nav\Nav.csproj", "{CBF7A583-2619-4400-B303-B29001C03A87}"
EndProject
Global
	GlobalSection(SolutionConfigurationPlatforms) = preSolution
		Debug|Any CPU = Debug|Any CPU
		Debug|x64 = Debug|x64
		Release|Any CPU = Release|Any CPU
		Release|x64 = Release|x64
	EndGlobalSection
	GlobalSection(ProjectConfigurationPlatforms) = postSolution
		{F09F0793-1205-4BF9-81EC-F70C31600402}.Debug|Any CPU.ActiveCfg = Debug|Any CPU
		{F09F0793-1205-4BF9-81EC-F70C31600402}.Debug|Any CPU.Build.0 = Debug|Any CPU
		{F09F0793-1205-4BF9-81EC-F70C31600402}.Debug|x64.ActiveCfg = Debug|x64
		{F09F0793-1205-4BF9-81EC-F70C31600402}.Debug|x64.Build.0 = Debug|x64
		{F09F0793-1205-4BF9-81EC-F70C31600402}.Release|Any CPU.ActiveCfg = Release|Any CPU
		{F09F0793-1205-4BF9-81EC-F70C31600402}.Release|Any CPU.Build.0 = Release|Any CPU
		{F09F0793-1205-4BF9-81EC-F70C31600402}.Release|x64.ActiveCfg = Release|x64
		{F09F0793-1205-4BF9-81EC-F70C31600402}.Release|x64.Build.0 = Release|x64
		{02763B37-01FB-4818-9F2B-5C6ACC1FB47B}.Debug|Any CPU.ActiveCfg = Debug|Any CPU
		{02763B37-01FB-4818-9F2B-5C6ACC1FB47B}.Debug|Any CPU.Build.0 = Debug|Any CPU
		{02763B37-01FB-4818-9F2B-5C6ACC1FB47B}.Debug|x64.ActiveCfg = Debug|x64
		{02763B37-01FB-4818-9F2B-5C6ACC1FB47B}.Debug|x64.Build.0 = Debug|x64
		{02763B37-01FB-4818-9F2B-5C6ACC1FB47B}.Release|Any CPU.ActiveCfg = Release|Any CPU
		{02763B37-01FB-4818-9F2B-5C6ACC1FB47B}.Release|Any CPU.Build.0 = Release|Any CPU
		{02763B37-01FB-4818-9F2B-5C6ACC1FB47B}.Release|x64.ActiveCfg = Release|x64
		{02763B37-01FB-4818-9F2B-5C6ACC1FB47B}.Release|x64.Build.0 = Release|x64
		{CBF7A583-2619-4400-B303-B29001C03A87}.Debug|Any CPU.ActiveCfg = Debug|Any CPU
		{CBF7A583-2619-4400-B303-B29001C03A87}.Debug|Any CPU.Build.0 = Debug|Any CPU
		{CBF7A583-2619-4400-B303-B29001C03A87}.Debug|x64.ActiveCfg = Debug|x64
		{CBF7A583-2619-4400-B303-B29001C03A87}.Debug|x64.Build.0 = Debug|x64
		{CBF7A583-2619-4400-B303-B29001C03A87}.Release|Any CPU.ActiveCfg = Release|Any CPU
		{CBF7A583-2619-4400-B303-B29001C03A87}.Release|Any CPU.Build.0 = Release|Any CPU
		{CBF7A583-2619-4400-B303-B29001C03A87}.Release|x64.ActiveCfg = Release|x64
		{CBF7A583-2619-4400-B303-B29001C03A87}.Release|x64.Build.0 = Release|x64
	EndGlobalSection
	GlobalSection(SolutionProperties) = preSolution
		HideSolutionNode = FALSE
	EndGlobalSection
	GlobalSection(ExtensibilityGlobals) = postSolution
		SolutionGuid = {25357693-756D-499B-952D-9AC74970E553}
	EndGlobalSection
EndGlobal
